{
  "originHash" : "8a474fd7dfa4e1f459fdee40ed2ef6c013c60db66be55d63d68c298b13299c60",
  "pins" : [
    {
      "identity" : "chaosbytestreams",
      "kind" : "remoteSourceControl",
      "location" : "https://github.com/elegantchaos/ChaosByteStreams",
      "state" : {
        "revision" : "f8e1ae4bd95760dd96e0b877d1672c98e9eb1486",
        "version" : "1.0.2"
      }
    }
  ],
  "version" : 3
}
