{
  "originHash" : "8bb316d26d40658463cd7c075e6075df2e96026f7a0fe05222473a2d3603c8e7",
  "pins" : [
    {
      "identity" : "chaosbytestreams",
      "kind" : "remoteSourceControl",
      "location" : "https://github.com/elegantchaos/ChaosByteStreams",
      "state" : {
        "revision" : "67dadbb9f94a2407a765e2eb6294fa22ac3fa736",
        "version" : "1.0.1"
      }
    }
  ],
  "version" : 3
}
